
Microsoft Visual Studio Solution File, Format Version 12.00
# Visual Studio 14
VisualStudioVersion = 14.0.25420.1
MinimumVisualStudioVersion = 10.0.40219.1
Project("{FAE04EC0-301F-11D3-BF4B-00C04F79EFBC}") = "01Tipusok", "01Tipusok\01Tipusok.csproj", "{997585C4-6A2E-4E1E-B441-A9E261AB802D}"
EndProject
Project("{FAE04EC0-301F-11D3-BF4B-00C04F79EFBC}") = "02Ermefeldobas", "02Ermefeldobas\02Ermefeldobas.csproj", "{C66BC704-CE30-405D-9313-527E90C51B3E}"
EndProject
Project("{FAE04EC0-301F-11D3-BF4B-00C04F79EFBC}") = "03OsztalyokHaziallatok", "03OsztalyokHaziallatok\03OsztalyokHaziallatok.csproj", "{2521F053-E9F3-4FF2-A9B1-355EAEFB46BB}"
EndProject
Project("{FAE04EC0-301F-11D3-BF4B-00C04F79EFBC}") = "04LeszarmaztatasHaziallatok", "04LeszarmaztatasHaziallatok\04LeszarmaztatasHaziallatok.csproj", "{F2B3DDC9-0906-4396-941B-26BB34FC3666}"
EndProject
Project("{FAE04EC0-301F-11D3-BF4B-00C04F79EFBC}") = "05FeluletSikidomok", "FeluletSikidomok\05FeluletSikidomok.csproj", "{ECABD5BF-C838-4110-B43D-EFB3BE244BA6}"
EndProject
Project("{FAE04EC0-301F-11D3-BF4B-00C04F79EFBC}") = "06Sikidomok", "06Sikidomok\06Sikidomok.csproj", "{628992A2-D19F-4F7D-9010-7E9B68EECFF6}"
EndProject
Project("{FAE04EC0-301F-11D3-BF4B-00C04F79EFBC}") = "07GarbageCollector", "07GarbageCollector\07GarbageCollector.csproj", "{8D983BD8-B21F-48F8-ABDF-ABD5A717F9EC}"
EndProject
Project("{FAE04EC0-301F-11D3-BF4B-00C04F79EFBC}") = "08GarbageCollector2", "08GarbageCollector2\08GarbageCollector2.csproj", "{0F6979D9-2C26-409E-AF8A-78E11D91B282}"
EndProject
Project("{FAE04EC0-301F-11D3-BF4B-00C04F79EFBC}") = "09IDisposable", "09IDisposable\09IDisposable.csproj", "{3F41E29F-0C96-497B-B2CF-B6683588BCD7}"
EndProject
Project("{FAE04EC0-301F-11D3-BF4B-00C04F79EFBC}") = "10IEnumerable", "10IEnumerable\10IEnumerable.csproj", "{2D87E4E5-A0C0-4492-AC6B-A4238EA97B67}"
EndProject
Project("{FAE04EC0-301F-11D3-BF4B-00C04F79EFBC}") = "11IEnumerableT", "11IEnumerableT\11IEnumerableT.csproj", "{7C56EB2A-8EA8-420C-86A3-2205B0476CDA}"
EndProject
Project("{FAE04EC0-301F-11D3-BF4B-00C04F79EFBC}") = "12Exception", "12Exception\12Exception.csproj", "{3664294F-9D5C-46B2-AB59-7ED62D0FF4C2}"
EndProject
Global
	GlobalSection(SolutionConfigurationPlatforms) = preSolution
		Debug|Any CPU = Debug|Any CPU
		Release|Any CPU = Release|Any CPU
	EndGlobalSection
	GlobalSection(ProjectConfigurationPlatforms) = postSolution
		{997585C4-6A2E-4E1E-B441-A9E261AB802D}.Debug|Any CPU.ActiveCfg = Debug|Any CPU
		{997585C4-6A2E-4E1E-B441-A9E261AB802D}.Debug|Any CPU.Build.0 = Debug|Any CPU
		{997585C4-6A2E-4E1E-B441-A9E261AB802D}.Release|Any CPU.ActiveCfg = Release|Any CPU
		{997585C4-6A2E-4E1E-B441-A9E261AB802D}.Release|Any CPU.Build.0 = Release|Any CPU
		{C66BC704-CE30-405D-9313-527E90C51B3E}.Debug|Any CPU.ActiveCfg = Debug|Any CPU
		{C66BC704-CE30-405D-9313-527E90C51B3E}.Debug|Any CPU.Build.0 = Debug|Any CPU
		{C66BC704-CE30-405D-9313-527E90C51B3E}.Release|Any CPU.ActiveCfg = Release|Any CPU
		{C66BC704-CE30-405D-9313-527E90C51B3E}.Release|Any CPU.Build.0 = Release|Any CPU
		{2521F053-E9F3-4FF2-A9B1-355EAEFB46BB}.Debug|Any CPU.ActiveCfg = Debug|Any CPU
		{2521F053-E9F3-4FF2-A9B1-355EAEFB46BB}.Debug|Any CPU.Build.0 = Debug|Any CPU
		{2521F053-E9F3-4FF2-A9B1-355EAEFB46BB}.Release|Any CPU.ActiveCfg = Release|Any CPU
		{2521F053-E9F3-4FF2-A9B1-355EAEFB46BB}.Release|Any CPU.Build.0 = Release|Any CPU
		{F2B3DDC9-0906-4396-941B-26BB34FC3666}.Debug|Any CPU.ActiveCfg = Debug|Any CPU
		{F2B3DDC9-0906-4396-941B-26BB34FC3666}.Debug|Any CPU.Build.0 = Debug|Any CPU
		{F2B3DDC9-0906-4396-941B-26BB34FC3666}.Release|Any CPU.ActiveCfg = Release|Any CPU
		{F2B3DDC9-0906-4396-941B-26BB34FC3666}.Release|Any CPU.Build.0 = Release|Any CPU
		{ECABD5BF-C838-4110-B43D-EFB3BE244BA6}.Debug|Any CPU.ActiveCfg = Debug|Any CPU
		{ECABD5BF-C838-4110-B43D-EFB3BE244BA6}.Debug|Any CPU.Build.0 = Debug|Any CPU
		{ECABD5BF-C838-4110-B43D-EFB3BE244BA6}.Release|Any CPU.ActiveCfg = Release|Any CPU
		{ECABD5BF-C838-4110-B43D-EFB3BE244BA6}.Release|Any CPU.Build.0 = Release|Any CPU
		{628992A2-D19F-4F7D-9010-7E9B68EECFF6}.Debug|Any CPU.ActiveCfg = Debug|Any CPU
		{628992A2-D19F-4F7D-9010-7E9B68EECFF6}.Debug|Any CPU.Build.0 = Debug|Any CPU
		{628992A2-D19F-4F7D-9010-7E9B68EECFF6}.Release|Any CPU.ActiveCfg = Release|Any CPU
		{628992A2-D19F-4F7D-9010-7E9B68EECFF6}.Release|Any CPU.Build.0 = Release|Any CPU
		{8D983BD8-B21F-48F8-ABDF-ABD5A717F9EC}.Debug|Any CPU.ActiveCfg = Debug|Any CPU
		{8D983BD8-B21F-48F8-ABDF-ABD5A717F9EC}.Debug|Any CPU.Build.0 = Debug|Any CPU
		{8D983BD8-B21F-48F8-ABDF-ABD5A717F9EC}.Release|Any CPU.ActiveCfg = Release|Any CPU
		{8D983BD8-B21F-48F8-ABDF-ABD5A717F9EC}.Release|Any CPU.Build.0 = Release|Any CPU
		{0F6979D9-2C26-409E-AF8A-78E11D91B282}.Debug|Any CPU.ActiveCfg = Debug|Any CPU
		{0F6979D9-2C26-409E-AF8A-78E11D91B282}.Debug|Any CPU.Build.0 = Debug|Any CPU
		{0F6979D9-2C26-409E-AF8A-78E11D91B282}.Release|Any CPU.ActiveCfg = Release|Any CPU
		{0F6979D9-2C26-409E-AF8A-78E11D91B282}.Release|Any CPU.Build.0 = Release|Any CPU
		{3F41E29F-0C96-497B-B2CF-B6683588BCD7}.Debug|Any CPU.ActiveCfg = Debug|Any CPU
		{3F41E29F-0C96-497B-B2CF-B6683588BCD7}.Debug|Any CPU.Build.0 = Debug|Any CPU
		{3F41E29F-0C96-497B-B2CF-B6683588BCD7}.Release|Any CPU.ActiveCfg = Release|Any CPU
		{3F41E29F-0C96-497B-B2CF-B6683588BCD7}.Release|Any CPU.Build.0 = Release|Any CPU
		{2D87E4E5-A0C0-4492-AC6B-A4238EA97B67}.Debug|Any CPU.ActiveCfg = Debug|Any CPU
		{2D87E4E5-A0C0-4492-AC6B-A4238EA97B67}.Debug|Any CPU.Build.0 = Debug|Any CPU
		{2D87E4E5-A0C0-4492-AC6B-A4238EA97B67}.Release|Any CPU.ActiveCfg = Release|Any CPU
		{2D87E4E5-A0C0-4492-AC6B-A4238EA97B67}.Release|Any CPU.Build.0 = Release|Any CPU
		{7C56EB2A-8EA8-420C-86A3-2205B0476CDA}.Debug|Any CPU.ActiveCfg = Debug|Any CPU
		{7C56EB2A-8EA8-420C-86A3-2205B0476CDA}.Debug|Any CPU.Build.0 = Debug|Any CPU
		{7C56EB2A-8EA8-420C-86A3-2205B0476CDA}.Release|Any CPU.ActiveCfg = Release|Any CPU
		{7C56EB2A-8EA8-420C-86A3-2205B0476CDA}.Release|Any CPU.Build.0 = Release|Any CPU
		{3664294F-9D5C-46B2-AB59-7ED62D0FF4C2}.Debug|Any CPU.ActiveCfg = Debug|Any CPU
		{3664294F-9D5C-46B2-AB59-7ED62D0FF4C2}.Debug|Any CPU.Build.0 = Debug|Any CPU
		{3664294F-9D5C-46B2-AB59-7ED62D0FF4C2}.Release|Any CPU.ActiveCfg = Release|Any CPU
		{3664294F-9D5C-46B2-AB59-7ED62D0FF4C2}.Release|Any CPU.Build.0 = Release|Any CPU
	EndGlobalSection
	GlobalSection(SolutionProperties) = preSolution
		HideSolutionNode = FALSE
	EndGlobalSection
EndGlobal
