
Microsoft Visual Studio Solution File, Format Version 12.00
# Visual Studio 14
VisualStudioVersion = 14.0.25420.1
MinimumVisualStudioVersion = 10.0.40219.1
Project("{FAE04EC0-301F-11D3-BF4B-00C04F79EFBC}") = "01Tipusok", "01Tipusok\01Tipusok.csproj", "{997585C4-6A2E-4E1E-B441-A9E261AB802D}"
EndProject
Project("{FAE04EC0-301F-11D3-BF4B-00C04F79EFBC}") = "02Ermefeldobas", "02Ermefeldobas\02Ermefeldobas.csproj", "{C66BC704-CE30-405D-9313-527E90C51B3E}"
EndProject
Project("{FAE04EC0-301F-11D3-BF4B-00C04F79EFBC}") = "03OsztalyokHaziallatok", "03OsztalyokHaziallatok\03OsztalyokHaziallatok.csproj", "{2521F053-E9F3-4FF2-A9B1-355EAEFB46BB}"
EndProject
Project("{FAE04EC0-301F-11D3-BF4B-00C04F79EFBC}") = "04LeszarmaztatasHaziallatok", "04LeszarmaztatasHaziallatok\04LeszarmaztatasHaziallatok.csproj", "{F2B3DDC9-0906-4396-941B-26BB34FC3666}"
EndProject
Project("{FAE04EC0-301F-11D3-BF4B-00C04F79EFBC}") = "05FeluletSikidomok", "FeluletSikidomok\05FeluletSikidomok.csproj", "{ECABD5BF-C838-4110-B43D-EFB3BE244BA6}"
EndProject
Project("{FAE04EC0-301F-11D3-BF4B-00C04F79EFBC}") = "06Sikidomok", "06Sikidomok\06Sikidomok.csproj", "{628992A2-D19F-4F7D-9010-7E9B68EECFF6}"
EndProject
Project("{FAE04EC0-301F-11D3-BF4B-00C04F79EFBC}") = "07GarbageCollector", "07GarbageCollector\07GarbageCollector.csproj", "{8D983BD8-B21F-48F8-ABDF-ABD5A717F9EC}"
EndProject
Project("{FAE04EC0-301F-11D3-BF4B-00C04F79EFBC}") = "08GarbageCollector2", "08GarbageCollector2\08GarbageCollector2.csproj", "{0F6979D9-2C26-409E-AF8A-78E11D91B282}"
EndProject
Project("{FAE04EC0-301F-11D3-BF4B-00C04F79EFBC}") = "09IDisposable", "09IDisposable\09IDisposable.csproj", "{3F41E29F-0C96-497B-B2CF-B6683588BCD7}"
EndProject
Project("{FAE04EC0-301F-11D3-BF4B-00C04F79EFBC}") = "10IEnumerable", "10IEnumerable\10IEnumerable.csproj", "{2D87E4E5-A0C0-4492-AC6B-A4238EA97B67}"
EndProject
Project("{FAE04EC0-301F-11D3-BF4B-00C04F79EFBC}") = "11IEnumerableT", "11IEnumerableT\11IEnumerableT.csproj", "{7C56EB2A-8EA8-420C-86A3-2205B0476CDA}"
EndProject
Project("{FAE04EC0-301F-11D3-BF4B-00C04F79EFBC}") = "12Exception", "12Exception\12Exception.csproj", "{3664294F-9D5C-46B2-AB59-7ED62D0FF4C2}"
EndProject
Project("{FAE04EC0-301F-11D3-BF4B-00C04F79EFBC}") = "13Log4Net", "13Log4Net\13Log4Net.csproj", "{9FA6C306-8846-4071-AE78-147F114CD8C7}"
EndProject
Project("{FAE04EC0-301F-11D3-BF4B-00C04F79EFBC}") = "14Delegate", "14Delegate\14Delegate.csproj", "{9A1FB36A-6716-41CA-A015-5B7F548A9342}"
EndProject
Project("{FAE04EC0-301F-11D3-BF4B-00C04F79EFBC}") = "15StrategiaMinta", "15StrategiaMinta\15StrategiaMinta.csproj", "{ABF94EE3-92D8-4D8C-8209-FF18BC8AF40B}"
EndProject
Project("{FAE04EC0-301F-11D3-BF4B-00C04F79EFBC}") = "16StrategiaDelegateTel", "16StrategiaDelegateTel\16StrategiaDelegateTel.csproj", "{6CB1E079-E91B-4617-AA05-359D651350D6}"
EndProject
Project("{FAE04EC0-301F-11D3-BF4B-00C04F79EFBC}") = "17Esemenyek", "17Esemenyek\17Esemenyek.csproj", "{B83DDF97-A129-4A10-96E0-63E374FF20A9}"
EndProject
Project("{FAE04EC0-301F-11D3-BF4B-00C04F79EFBC}") = "18EsemenyekMegoldas", "18EsemenyekMegoldas\18EsemenyekMegoldas.csproj", "{9E88BCD3-C1D3-4417-89F9-C8F53FB302AA}"
EndProject
Project("{FAE04EC0-301F-11D3-BF4B-00C04F79EFBC}") = "19StreamekStreamReader", "19StreamekStreamReader\19StreamekStreamReader.csproj", "{3EAC4C3C-8845-474D-BADE-7F323835079F}"
EndProject
Project("{FAE04EC0-301F-11D3-BF4B-00C04F79EFBC}") = "20SerializeDeserialize", "20SerializeDeserialize\20SerializeDeserialize.csproj", "{7D48A030-E539-47DC-AFE6-2364516D47D6}"
EndProject
Project("{FAE04EC0-301F-11D3-BF4B-00C04F79EFBC}") = "21FuncActionLambda", "21FuncActionLambda\21FuncActionLambda.csproj", "{CD63C234-5D6B-4AFF-A9AD-FFC36A4719F2}"
EndProject
Project("{FAE04EC0-301F-11D3-BF4B-00C04F79EFBC}") = "22AsyncMukodes", "22AsyncMukodes\22AsyncMukodes.csproj", "{899C9D99-2979-4C48-AA36-5EDE55B7F477}"
EndProject
Project("{FAE04EC0-301F-11D3-BF4B-00C04F79EFBC}") = "23AsyncFile", "23AsyncFile\23AsyncFile.csproj", "{106F1180-74CF-4A1C-AE36-7C6F1A8FD945}"
EndProject
Project("{FAE04EC0-301F-11D3-BF4B-00C04F79EFBC}") = "24AsyncFileUsingNelkul", "24AsyncFileUsingNelkul\24AsyncFileUsingNelkul.csproj", "{6F129232-6929-41B6-831C-8C5875F7E463}"
EndProject
Project("{FAE04EC0-301F-11D3-BF4B-00C04F79EFBC}") = "25AsyncFileHagyomanyos", "25AsyncFileHagyomanyos\25AsyncFileHagyomanyos.csproj", "{63D2E105-8350-4A14-9209-82DF3116C898}"
EndProject
Project("{FAE04EC0-301F-11D3-BF4B-00C04F79EFBC}") = "26ThreadPools", "26Threadpolls\26ThreadPools.csproj", "{2B463FFA-1434-4628-A961-77B488F91664}"
EndProject
Project("{FAE04EC0-301F-11D3-BF4B-00C04F79EFBC}") = "27TaskokBevezetes", "27TaskokBevezetes\27TaskokBevezetes.csproj", "{6CE8DC15-E081-4C60-9D8A-E447DDA1680B}"
EndProject
Project("{FAE04EC0-301F-11D3-BF4B-00C04F79EFBC}") = "28TaskokOsszefuzese", "28TaskokOsszefuzese\28TaskokOsszefuzese.csproj", "{AC5EC955-0ACC-458C-B9B8-C69B1792A574}"
EndProject
Project("{FAE04EC0-301F-11D3-BF4B-00C04F79EFBC}") = "29RestAPI", "29RestAPI\29RestAPI.csproj", "{2F14C366-25D5-4D30-A92E-22B8D6C2D5F9}"
EndProject
Project("{FAE04EC0-301F-11D3-BF4B-00C04F79EFBC}") = "30CodeFirstData", "30CodeFirstData\30CodeFirstData.csproj", "{27F08D40-FC6E-475A-9A26-0ED0A906B6AC}"
EndProject
Global
	GlobalSection(SolutionConfigurationPlatforms) = preSolution
		Debug|Any CPU = Debug|Any CPU
		Release|Any CPU = Release|Any CPU
	EndGlobalSection
	GlobalSection(ProjectConfigurationPlatforms) = postSolution
		{997585C4-6A2E-4E1E-B441-A9E261AB802D}.Debug|Any CPU.ActiveCfg = Debug|Any CPU
		{997585C4-6A2E-4E1E-B441-A9E261AB802D}.Debug|Any CPU.Build.0 = Debug|Any CPU
		{997585C4-6A2E-4E1E-B441-A9E261AB802D}.Release|Any CPU.ActiveCfg = Release|Any CPU
		{997585C4-6A2E-4E1E-B441-A9E261AB802D}.Release|Any CPU.Build.0 = Release|Any CPU
		{C66BC704-CE30-405D-9313-527E90C51B3E}.Debug|Any CPU.ActiveCfg = Debug|Any CPU
		{C66BC704-CE30-405D-9313-527E90C51B3E}.Debug|Any CPU.Build.0 = Debug|Any CPU
		{C66BC704-CE30-405D-9313-527E90C51B3E}.Release|Any CPU.ActiveCfg = Release|Any CPU
		{C66BC704-CE30-405D-9313-527E90C51B3E}.Release|Any CPU.Build.0 = Release|Any CPU
		{2521F053-E9F3-4FF2-A9B1-355EAEFB46BB}.Debug|Any CPU.ActiveCfg = Debug|Any CPU
		{2521F053-E9F3-4FF2-A9B1-355EAEFB46BB}.Debug|Any CPU.Build.0 = Debug|Any CPU
		{2521F053-E9F3-4FF2-A9B1-355EAEFB46BB}.Release|Any CPU.ActiveCfg = Release|Any CPU
		{2521F053-E9F3-4FF2-A9B1-355EAEFB46BB}.Release|Any CPU.Build.0 = Release|Any CPU
		{F2B3DDC9-0906-4396-941B-26BB34FC3666}.Debug|Any CPU.ActiveCfg = Debug|Any CPU
		{F2B3DDC9-0906-4396-941B-26BB34FC3666}.Debug|Any CPU.Build.0 = Debug|Any CPU
		{F2B3DDC9-0906-4396-941B-26BB34FC3666}.Release|Any CPU.ActiveCfg = Release|Any CPU
		{F2B3DDC9-0906-4396-941B-26BB34FC3666}.Release|Any CPU.Build.0 = Release|Any CPU
		{ECABD5BF-C838-4110-B43D-EFB3BE244BA6}.Debug|Any CPU.ActiveCfg = Debug|Any CPU
		{ECABD5BF-C838-4110-B43D-EFB3BE244BA6}.Debug|Any CPU.Build.0 = Debug|Any CPU
		{ECABD5BF-C838-4110-B43D-EFB3BE244BA6}.Release|Any CPU.ActiveCfg = Release|Any CPU
		{ECABD5BF-C838-4110-B43D-EFB3BE244BA6}.Release|Any CPU.Build.0 = Release|Any CPU
		{628992A2-D19F-4F7D-9010-7E9B68EECFF6}.Debug|Any CPU.ActiveCfg = Debug|Any CPU
		{628992A2-D19F-4F7D-9010-7E9B68EECFF6}.Debug|Any CPU.Build.0 = Debug|Any CPU
		{628992A2-D19F-4F7D-9010-7E9B68EECFF6}.Release|Any CPU.ActiveCfg = Release|Any CPU
		{628992A2-D19F-4F7D-9010-7E9B68EECFF6}.Release|Any CPU.Build.0 = Release|Any CPU
		{8D983BD8-B21F-48F8-ABDF-ABD5A717F9EC}.Debug|Any CPU.ActiveCfg = Debug|Any CPU
		{8D983BD8-B21F-48F8-ABDF-ABD5A717F9EC}.Debug|Any CPU.Build.0 = Debug|Any CPU
		{8D983BD8-B21F-48F8-ABDF-ABD5A717F9EC}.Release|Any CPU.ActiveCfg = Release|Any CPU
		{8D983BD8-B21F-48F8-ABDF-ABD5A717F9EC}.Release|Any CPU.Build.0 = Release|Any CPU
		{0F6979D9-2C26-409E-AF8A-78E11D91B282}.Debug|Any CPU.ActiveCfg = Debug|Any CPU
		{0F6979D9-2C26-409E-AF8A-78E11D91B282}.Debug|Any CPU.Build.0 = Debug|Any CPU
		{0F6979D9-2C26-409E-AF8A-78E11D91B282}.Release|Any CPU.ActiveCfg = Release|Any CPU
		{0F6979D9-2C26-409E-AF8A-78E11D91B282}.Release|Any CPU.Build.0 = Release|Any CPU
		{3F41E29F-0C96-497B-B2CF-B6683588BCD7}.Debug|Any CPU.ActiveCfg = Debug|Any CPU
		{3F41E29F-0C96-497B-B2CF-B6683588BCD7}.Debug|Any CPU.Build.0 = Debug|Any CPU
		{3F41E29F-0C96-497B-B2CF-B6683588BCD7}.Release|Any CPU.ActiveCfg = Release|Any CPU
		{3F41E29F-0C96-497B-B2CF-B6683588BCD7}.Release|Any CPU.Build.0 = Release|Any CPU
		{2D87E4E5-A0C0-4492-AC6B-A4238EA97B67}.Debug|Any CPU.ActiveCfg = Debug|Any CPU
		{2D87E4E5-A0C0-4492-AC6B-A4238EA97B67}.Debug|Any CPU.Build.0 = Debug|Any CPU
		{2D87E4E5-A0C0-4492-AC6B-A4238EA97B67}.Release|Any CPU.ActiveCfg = Release|Any CPU
		{2D87E4E5-A0C0-4492-AC6B-A4238EA97B67}.Release|Any CPU.Build.0 = Release|Any CPU
		{7C56EB2A-8EA8-420C-86A3-2205B0476CDA}.Debug|Any CPU.ActiveCfg = Debug|Any CPU
		{7C56EB2A-8EA8-420C-86A3-2205B0476CDA}.Debug|Any CPU.Build.0 = Debug|Any CPU
		{7C56EB2A-8EA8-420C-86A3-2205B0476CDA}.Release|Any CPU.ActiveCfg = Release|Any CPU
		{7C56EB2A-8EA8-420C-86A3-2205B0476CDA}.Release|Any CPU.Build.0 = Release|Any CPU
		{3664294F-9D5C-46B2-AB59-7ED62D0FF4C2}.Debug|Any CPU.ActiveCfg = Debug|Any CPU
		{3664294F-9D5C-46B2-AB59-7ED62D0FF4C2}.Debug|Any CPU.Build.0 = Debug|Any CPU
		{3664294F-9D5C-46B2-AB59-7ED62D0FF4C2}.Release|Any CPU.ActiveCfg = Release|Any CPU
		{3664294F-9D5C-46B2-AB59-7ED62D0FF4C2}.Release|Any CPU.Build.0 = Release|Any CPU
		{9FA6C306-8846-4071-AE78-147F114CD8C7}.Debug|Any CPU.ActiveCfg = Debug|Any CPU
		{9FA6C306-8846-4071-AE78-147F114CD8C7}.Debug|Any CPU.Build.0 = Debug|Any CPU
		{9FA6C306-8846-4071-AE78-147F114CD8C7}.Release|Any CPU.ActiveCfg = Release|Any CPU
		{9FA6C306-8846-4071-AE78-147F114CD8C7}.Release|Any CPU.Build.0 = Release|Any CPU
		{9A1FB36A-6716-41CA-A015-5B7F548A9342}.Debug|Any CPU.ActiveCfg = Debug|Any CPU
		{9A1FB36A-6716-41CA-A015-5B7F548A9342}.Debug|Any CPU.Build.0 = Debug|Any CPU
		{9A1FB36A-6716-41CA-A015-5B7F548A9342}.Release|Any CPU.ActiveCfg = Release|Any CPU
		{9A1FB36A-6716-41CA-A015-5B7F548A9342}.Release|Any CPU.Build.0 = Release|Any CPU
		{ABF94EE3-92D8-4D8C-8209-FF18BC8AF40B}.Debug|Any CPU.ActiveCfg = Debug|Any CPU
		{ABF94EE3-92D8-4D8C-8209-FF18BC8AF40B}.Debug|Any CPU.Build.0 = Debug|Any CPU
		{ABF94EE3-92D8-4D8C-8209-FF18BC8AF40B}.Release|Any CPU.ActiveCfg = Release|Any CPU
		{ABF94EE3-92D8-4D8C-8209-FF18BC8AF40B}.Release|Any CPU.Build.0 = Release|Any CPU
		{6CB1E079-E91B-4617-AA05-359D651350D6}.Debug|Any CPU.ActiveCfg = Debug|Any CPU
		{6CB1E079-E91B-4617-AA05-359D651350D6}.Debug|Any CPU.Build.0 = Debug|Any CPU
		{6CB1E079-E91B-4617-AA05-359D651350D6}.Release|Any CPU.ActiveCfg = Release|Any CPU
		{6CB1E079-E91B-4617-AA05-359D651350D6}.Release|Any CPU.Build.0 = Release|Any CPU
		{B83DDF97-A129-4A10-96E0-63E374FF20A9}.Debug|Any CPU.ActiveCfg = Debug|Any CPU
		{B83DDF97-A129-4A10-96E0-63E374FF20A9}.Debug|Any CPU.Build.0 = Debug|Any CPU
		{B83DDF97-A129-4A10-96E0-63E374FF20A9}.Release|Any CPU.ActiveCfg = Release|Any CPU
		{B83DDF97-A129-4A10-96E0-63E374FF20A9}.Release|Any CPU.Build.0 = Release|Any CPU
		{9E88BCD3-C1D3-4417-89F9-C8F53FB302AA}.Debug|Any CPU.ActiveCfg = Debug|Any CPU
		{9E88BCD3-C1D3-4417-89F9-C8F53FB302AA}.Debug|Any CPU.Build.0 = Debug|Any CPU
		{9E88BCD3-C1D3-4417-89F9-C8F53FB302AA}.Release|Any CPU.ActiveCfg = Release|Any CPU
		{9E88BCD3-C1D3-4417-89F9-C8F53FB302AA}.Release|Any CPU.Build.0 = Release|Any CPU
		{3EAC4C3C-8845-474D-BADE-7F323835079F}.Debug|Any CPU.ActiveCfg = Debug|Any CPU
		{3EAC4C3C-8845-474D-BADE-7F323835079F}.Debug|Any CPU.Build.0 = Debug|Any CPU
		{3EAC4C3C-8845-474D-BADE-7F323835079F}.Release|Any CPU.ActiveCfg = Release|Any CPU
		{3EAC4C3C-8845-474D-BADE-7F323835079F}.Release|Any CPU.Build.0 = Release|Any CPU
		{7D48A030-E539-47DC-AFE6-2364516D47D6}.Debug|Any CPU.ActiveCfg = Debug|Any CPU
		{7D48A030-E539-47DC-AFE6-2364516D47D6}.Debug|Any CPU.Build.0 = Debug|Any CPU
		{7D48A030-E539-47DC-AFE6-2364516D47D6}.Release|Any CPU.ActiveCfg = Release|Any CPU
		{7D48A030-E539-47DC-AFE6-2364516D47D6}.Release|Any CPU.Build.0 = Release|Any CPU
		{CD63C234-5D6B-4AFF-A9AD-FFC36A4719F2}.Debug|Any CPU.ActiveCfg = Debug|Any CPU
		{CD63C234-5D6B-4AFF-A9AD-FFC36A4719F2}.Debug|Any CPU.Build.0 = Debug|Any CPU
		{CD63C234-5D6B-4AFF-A9AD-FFC36A4719F2}.Release|Any CPU.ActiveCfg = Release|Any CPU
		{CD63C234-5D6B-4AFF-A9AD-FFC36A4719F2}.Release|Any CPU.Build.0 = Release|Any CPU
		{899C9D99-2979-4C48-AA36-5EDE55B7F477}.Debug|Any CPU.ActiveCfg = Debug|Any CPU
		{899C9D99-2979-4C48-AA36-5EDE55B7F477}.Debug|Any CPU.Build.0 = Debug|Any CPU
		{899C9D99-2979-4C48-AA36-5EDE55B7F477}.Release|Any CPU.ActiveCfg = Release|Any CPU
		{899C9D99-2979-4C48-AA36-5EDE55B7F477}.Release|Any CPU.Build.0 = Release|Any CPU
		{106F1180-74CF-4A1C-AE36-7C6F1A8FD945}.Debug|Any CPU.ActiveCfg = Debug|Any CPU
		{106F1180-74CF-4A1C-AE36-7C6F1A8FD945}.Debug|Any CPU.Build.0 = Debug|Any CPU
		{106F1180-74CF-4A1C-AE36-7C6F1A8FD945}.Release|Any CPU.ActiveCfg = Release|Any CPU
		{106F1180-74CF-4A1C-AE36-7C6F1A8FD945}.Release|Any CPU.Build.0 = Release|Any CPU
		{6F129232-6929-41B6-831C-8C5875F7E463}.Debug|Any CPU.ActiveCfg = Debug|Any CPU
		{6F129232-6929-41B6-831C-8C5875F7E463}.Debug|Any CPU.Build.0 = Debug|Any CPU
		{6F129232-6929-41B6-831C-8C5875F7E463}.Release|Any CPU.ActiveCfg = Release|Any CPU
		{6F129232-6929-41B6-831C-8C5875F7E463}.Release|Any CPU.Build.0 = Release|Any CPU
		{63D2E105-8350-4A14-9209-82DF3116C898}.Debug|Any CPU.ActiveCfg = Debug|Any CPU
		{63D2E105-8350-4A14-9209-82DF3116C898}.Debug|Any CPU.Build.0 = Debug|Any CPU
		{63D2E105-8350-4A14-9209-82DF3116C898}.Release|Any CPU.ActiveCfg = Release|Any CPU
		{63D2E105-8350-4A14-9209-82DF3116C898}.Release|Any CPU.Build.0 = Release|Any CPU
		{2B463FFA-1434-4628-A961-77B488F91664}.Debug|Any CPU.ActiveCfg = Debug|Any CPU
		{2B463FFA-1434-4628-A961-77B488F91664}.Debug|Any CPU.Build.0 = Debug|Any CPU
		{2B463FFA-1434-4628-A961-77B488F91664}.Release|Any CPU.ActiveCfg = Release|Any CPU
		{2B463FFA-1434-4628-A961-77B488F91664}.Release|Any CPU.Build.0 = Release|Any CPU
		{6CE8DC15-E081-4C60-9D8A-E447DDA1680B}.Debug|Any CPU.ActiveCfg = Debug|Any CPU
		{6CE8DC15-E081-4C60-9D8A-E447DDA1680B}.Debug|Any CPU.Build.0 = Debug|Any CPU
		{6CE8DC15-E081-4C60-9D8A-E447DDA1680B}.Release|Any CPU.ActiveCfg = Release|Any CPU
		{6CE8DC15-E081-4C60-9D8A-E447DDA1680B}.Release|Any CPU.Build.0 = Release|Any CPU
		{AC5EC955-0ACC-458C-B9B8-C69B1792A574}.Debug|Any CPU.ActiveCfg = Debug|Any CPU
		{AC5EC955-0ACC-458C-B9B8-C69B1792A574}.Debug|Any CPU.Build.0 = Debug|Any CPU
		{AC5EC955-0ACC-458C-B9B8-C69B1792A574}.Release|Any CPU.ActiveCfg = Release|Any CPU
		{AC5EC955-0ACC-458C-B9B8-C69B1792A574}.Release|Any CPU.Build.0 = Release|Any CPU
		{2F14C366-25D5-4D30-A92E-22B8D6C2D5F9}.Debug|Any CPU.ActiveCfg = Debug|Any CPU
		{2F14C366-25D5-4D30-A92E-22B8D6C2D5F9}.Debug|Any CPU.Build.0 = Debug|Any CPU
		{2F14C366-25D5-4D30-A92E-22B8D6C2D5F9}.Release|Any CPU.ActiveCfg = Release|Any CPU
		{2F14C366-25D5-4D30-A92E-22B8D6C2D5F9}.Release|Any CPU.Build.0 = Release|Any CPU
		{27F08D40-FC6E-475A-9A26-0ED0A906B6AC}.Debug|Any CPU.ActiveCfg = Debug|Any CPU
		{27F08D40-FC6E-475A-9A26-0ED0A906B6AC}.Debug|Any CPU.Build.0 = Debug|Any CPU
		{27F08D40-FC6E-475A-9A26-0ED0A906B6AC}.Release|Any CPU.ActiveCfg = Release|Any CPU
		{27F08D40-FC6E-475A-9A26-0ED0A906B6AC}.Release|Any CPU.Build.0 = Release|Any CPU
	EndGlobalSection
	GlobalSection(SolutionProperties) = preSolution
		HideSolutionNode = FALSE
	EndGlobalSection
EndGlobal
